
Microsoft Visual Studio Solution File, Format Version 12.00
# Visual Studio Version 17
VisualStudioVersion = 17.2.32526.322
MinimumVisualStudioVersion = 10.0.40219.1
Project("{FAE04EC0-301F-11D3-BF4B-00C04F79EFBC}") = "LabBigSchool_HuynhThiBichHau", "LabBigSchool_HuynhThiBichHau\LabBigSchool_HuynhThiBichHau.csproj", "{693566C6-50AC-4F4F-BFBD-BFCCDC179A42}"
EndProject
Global
	GlobalSection(SolutionConfigurationPlatforms) = preSolution
		Debug|Any CPU = Debug|Any CPU
		Release|Any CPU = Release|Any CPU
	EndGlobalSection
	GlobalSection(ProjectConfigurationPlatforms) = postSolution
		{693566C6-50AC-4F4F-BFBD-BFCCDC179A42}.Debug|Any CPU.ActiveCfg = Debug|Any CPU
		{693566C6-50AC-4F4F-BFBD-BFCCDC179A42}.Debug|Any CPU.Build.0 = Debug|Any CPU
		{693566C6-50AC-4F4F-BFBD-BFCCDC179A42}.Release|Any CPU.ActiveCfg = Release|Any CPU
		{693566C6-50AC-4F4F-BFBD-BFCCDC179A42}.Release|Any CPU.Build.0 = Release|Any CPU
	EndGlobalSection
	GlobalSection(SolutionProperties) = preSolution
		HideSolutionNode = FALSE
	EndGlobalSection
	GlobalSection(ExtensibilityGlobals) = postSolution
		SolutionGuid = {680DEBD1-645C-4D08-A6AE-47F67D6C6D59}
	EndGlobalSection
EndGlobal
